// !$*UTF8*$!
{
	archiveVersion = 1;
	classes = {
	};
	objectVersion = 46;
	objects = {

/* Begin PBXBuildFile section */
		DF0B33AA182E8721004603F8 /* MyAlbum.m in Sources */ = {isa = PBXBuildFile; fileRef = DF0B33A9182E8721004603F8 /* MyAlbum.m */; };
		DF5B305117BBC52D004A58B8 /* ScriptingBridge.framework in Frameworks */ = {isa = PBXBuildFile; fileRef = DF5B305017BBC52D004A58B8 /* ScriptingBridge.framework */; };
		DF93B7DE182E129C00D296F2 /* NSString+HTML.m in Sources */ = {isa = PBXBuildFile; fileRef = DF93B7DD182E129C00D296F2 /* NSString+HTML.m */; };
		DFB34A0718546BC20012EE61 /* WebKit.framework in Frameworks */ = {isa = PBXBuildFile; fileRef = DFB34A0618546BC20012EE61 /* WebKit.framework */; };
		DFC148E918313CDC00F10A1A /* RefAlbumCandidatesCellView.m in Sources */ = {isa = PBXBuildFile; fileRef = DFC148E818313CDC00F10A1A /* RefAlbumCandidatesCellView.m */; };
		DFC148EC183143DB00F10A1A /* TracksCellView.m in Sources */ = {isa = PBXBuildFile; fileRef = DFC148EB183143DB00F10A1A /* TracksCellView.m */; };
		DFC274F317A3F729003D99EA /* Cocoa.framework in Frameworks */ = {isa = PBXBuildFile; fileRef = DFC274F217A3F729003D99EA /* Cocoa.framework */; };
		DFC274FD17A3F729003D99EA /* InfoPlist.strings in Resources */ = {isa = PBXBuildFile; fileRef = DFC274FB17A3F729003D99EA /* InfoPlist.strings */; };
		DFC274FF17A3F729003D99EA /* main.m in Sources */ = {isa = PBXBuildFile; fileRef = DFC274FE17A3F729003D99EA /* main.m */; };
		DFC2750317A3F729003D99EA /* Credits.rtf in Resources */ = {isa = PBXBuildFile; fileRef = DFC2750117A3F729003D99EA /* Credits.rtf */; };
		DFC2750617A3F729003D99EA /* AppDelegate.m in Sources */ = {isa = PBXBuildFile; fileRef = DFC2750517A3F729003D99EA /* AppDelegate.m */; };
		DFC2750917A3F729003D99EA /* MainMenu.xib in Resources */ = {isa = PBXBuildFile; fileRef = DFC2750717A3F729003D99EA /* MainMenu.xib */; };
		DFC2751117A3F72A003D99EA /* SenTestingKit.framework in Frameworks */ = {isa = PBXBuildFile; fileRef = DFC2751017A3F72A003D99EA /* SenTestingKit.framework */; };
		DFC2751217A3F72A003D99EA /* Cocoa.framework in Frameworks */ = {isa = PBXBuildFile; fileRef = DFC274F217A3F729003D99EA /* Cocoa.framework */; };
		DFC2751A17A3F72A003D99EA /* InfoPlist.strings in Resources */ = {isa = PBXBuildFile; fileRef = DFC2751817A3F72A003D99EA /* InfoPlist.strings */; };
		DFC2751D17A3F72A003D99EA /* LyricsTests.m in Sources */ = {isa = PBXBuildFile; fileRef = DFC2751C17A3F72A003D99EA /* LyricsTests.m */; };
		DFDA9D49182FE16C0070C07A /* MyAlbumCellView.m in Sources */ = {isa = PBXBuildFile; fileRef = DFDA9D48182FE16C0070C07A /* MyAlbumCellView.m */; };
		DFE1879617AE0CA6002ED7BE /* RefTrack.m in Sources */ = {isa = PBXBuildFile; fileRef = DFE1879517AE0CA6002ED7BE /* RefTrack.m */; };
		DFE1879717AE0CA6002ED7BE /* RefTrack.m in Sources */ = {isa = PBXBuildFile; fileRef = DFE1879517AE0CA6002ED7BE /* RefTrack.m */; };
		DFE1879A17AE0CBA002ED7BE /* RefAlbum.m in Sources */ = {isa = PBXBuildFile; fileRef = DFE1879917AE0CBA002ED7BE /* RefAlbum.m */; };
		DFE1879B17AE0CBA002ED7BE /* RefAlbum.m in Sources */ = {isa = PBXBuildFile; fileRef = DFE1879917AE0CBA002ED7BE /* RefAlbum.m */; };
/* End PBXBuildFile section */

/* Begin PBXContainerItemProxy section */
		DFC2751317A3F72A003D99EA /* PBXContainerItemProxy */ = {
			isa = PBXContainerItemProxy;
			containerPortal = DFC274E717A3F728003D99EA /* Project object */;
			proxyType = 1;
			remoteGlobalIDString = DFC274EE17A3F728003D99EA;
			remoteInfo = Lyrics;
		};
/* End PBXContainerItemProxy section */

/* Begin PBXFileReference section */
		DF0B33A8182E8721004603F8 /* MyAlbum.h */ = {isa = PBXFileReference; fileEncoding = 4; lastKnownFileType = sourcecode.c.h; path = MyAlbum.h; sourceTree = "<group>"; };
		DF0B33A9182E8721004603F8 /* MyAlbum.m */ = {isa = PBXFileReference; fileEncoding = 4; lastKnownFileType = sourcecode.c.objc; path = MyAlbum.m; sourceTree = "<group>"; };
		DF5B304F17BBC4F3004A58B8 /* iTunes.h */ = {isa = PBXFileReference; fileEncoding = 4; lastKnownFileType = sourcecode.c.h; path = iTunes.h; sourceTree = "<group>"; };
		DF5B305017BBC52D004A58B8 /* ScriptingBridge.framework */ = {isa = PBXFileReference; lastKnownFileType = wrapper.framework; name = ScriptingBridge.framework; path = System/Library/Frameworks/ScriptingBridge.framework; sourceTree = SDKROOT; };
		DF93B7DC182E129C00D296F2 /* NSString+HTML.h */ = {isa = PBXFileReference; fileEncoding = 4; lastKnownFileType = sourcecode.c.h; name = "NSString+HTML.h"; path = "../NSString+HTML.h"; sourceTree = "<group>"; };
		DF93B7DD182E129C00D296F2 /* NSString+HTML.m */ = {isa = PBXFileReference; fileEncoding = 4; lastKnownFileType = sourcecode.c.objc; name = "NSString+HTML.m"; path = "../NSString+HTML.m"; sourceTree = "<group>"; };
		DFB34A0618546BC20012EE61 /* WebKit.framework */ = {isa = PBXFileReference; lastKnownFileType = wrapper.framework; name = WebKit.framework; path = System/Library/Frameworks/WebKit.framework; sourceTree = SDKROOT; };
		DFC148E718313CDC00F10A1A /* RefAlbumCandidatesCellView.h */ = {isa = PBXFileReference; fileEncoding = 4; lastKnownFileType = sourcecode.c.h; path = RefAlbumCandidatesCellView.h; sourceTree = "<group>"; };
		DFC148E818313CDC00F10A1A /* RefAlbumCandidatesCellView.m */ = {isa = PBXFileReference; fileEncoding = 4; lastKnownFileType = sourcecode.c.objc; path = RefAlbumCandidatesCellView.m; sourceTree = "<group>"; };
		DFC148EA183143DB00F10A1A /* TracksCellView.h */ = {isa = PBXFileReference; fileEncoding = 4; lastKnownFileType = sourcecode.c.h; path = TracksCellView.h; sourceTree = "<group>"; };
		DFC148EB183143DB00F10A1A /* TracksCellView.m */ = {isa = PBXFileReference; fileEncoding = 4; lastKnownFileType = sourcecode.c.objc; path = TracksCellView.m; sourceTree = "<group>"; };
		DFC274EF17A3F729003D99EA /* Lyrics.app */ = {isa = PBXFileReference; explicitFileType = wrapper.application; includeInIndex = 0; path = Lyrics.app; sourceTree = BUILT_PRODUCTS_DIR; };
		DFC274F217A3F729003D99EA /* Cocoa.framework */ = {isa = PBXFileReference; lastKnownFileType = wrapper.framework; name = Cocoa.framework; path = System/Library/Frameworks/Cocoa.framework; sourceTree = SDKROOT; };
		DFC274F517A3F729003D99EA /* AppKit.framework */ = {isa = PBXFileReference; lastKnownFileType = wrapper.framework; name = AppKit.framework; path = System/Library/Frameworks/AppKit.framework; sourceTree = SDKROOT; };
		DFC274F617A3F729003D99EA /* CoreData.framework */ = {isa = PBXFileReference; lastKnownFileType = wrapper.framework; name = CoreData.framework; path = System/Library/Frameworks/CoreData.framework; sourceTree = SDKROOT; };
		DFC274F717A3F729003D99EA /* Foundation.framework */ = {isa = PBXFileReference; lastKnownFileType = wrapper.framework; name = Foundation.framework; path = System/Library/Frameworks/Foundation.framework; sourceTree = SDKROOT; };
		DFC274FA17A3F729003D99EA /* Lyrics-Info.plist */ = {isa = PBXFileReference; lastKnownFileType = text.plist.xml; path = "Lyrics-Info.plist"; sourceTree = "<group>"; };
		DFC274FC17A3F729003D99EA /* en */ = {isa = PBXFileReference; lastKnownFileType = text.plist.strings; name = en; path = en.lproj/InfoPlist.strings; sourceTree = "<group>"; };
		DFC274FE17A3F729003D99EA /* main.m */ = {isa = PBXFileReference; lastKnownFileType = sourcecode.c.objc; path = main.m; sourceTree = "<group>"; };
		DFC2750017A3F729003D99EA /* Lyrics-Prefix.pch */ = {isa = PBXFileReference; lastKnownFileType = sourcecode.c.h; path = "Lyrics-Prefix.pch"; sourceTree = "<group>"; };
		DFC2750217A3F729003D99EA /* en */ = {isa = PBXFileReference; lastKnownFileType = text.rtf; name = en; path = en.lproj/Credits.rtf; sourceTree = "<group>"; };
		DFC2750417A3F729003D99EA /* AppDelegate.h */ = {isa = PBXFileReference; lastKnownFileType = sourcecode.c.h; path = AppDelegate.h; sourceTree = "<group>"; };
		DFC2750517A3F729003D99EA /* AppDelegate.m */ = {isa = PBXFileReference; lastKnownFileType = sourcecode.c.objc; path = AppDelegate.m; sourceTree = "<group>"; };
		DFC2750817A3F729003D99EA /* en */ = {isa = PBXFileReference; lastKnownFileType = file.xib; name = en; path = en.lproj/MainMenu.xib; sourceTree = "<group>"; };
		DFC2750F17A3F72A003D99EA /* LyricsTests.octest */ = {isa = PBXFileReference; explicitFileType = wrapper.cfbundle; includeInIndex = 0; path = LyricsTests.octest; sourceTree = BUILT_PRODUCTS_DIR; };
		DFC2751017A3F72A003D99EA /* SenTestingKit.framework */ = {isa = PBXFileReference; lastKnownFileType = wrapper.framework; name = SenTestingKit.framework; path = Library/Frameworks/SenTestingKit.framework; sourceTree = DEVELOPER_DIR; };
		DFC2751717A3F72A003D99EA /* LyricsTests-Info.plist */ = {isa = PBXFileReference; lastKnownFileType = text.plist.xml; path = "LyricsTests-Info.plist"; sourceTree = "<group>"; };
		DFC2751917A3F72A003D99EA /* en */ = {isa = PBXFileReference; lastKnownFileType = text.plist.strings; name = en; path = en.lproj/InfoPlist.strings; sourceTree = "<group>"; };
		DFC2751B17A3F72A003D99EA /* LyricsTests.h */ = {isa = PBXFileReference; lastKnownFileType = sourcecode.c.h; path = LyricsTests.h; sourceTree = "<group>"; };
		DFC2751C17A3F72A003D99EA /* LyricsTests.m */ = {isa = PBXFileReference; lastKnownFileType = sourcecode.c.objc; path = LyricsTests.m; sourceTree = "<group>"; };
		DFDA9D47182FE16C0070C07A /* MyAlbumCellView.h */ = {isa = PBXFileReference; fileEncoding = 4; lastKnownFileType = sourcecode.c.h; path = MyAlbumCellView.h; sourceTree = "<group>"; };
		DFDA9D48182FE16C0070C07A /* MyAlbumCellView.m */ = {isa = PBXFileReference; fileEncoding = 4; lastKnownFileType = sourcecode.c.objc; path = MyAlbumCellView.m; sourceTree = "<group>"; };
		DFE1879417AE0CA6002ED7BE /* RefTrack.h */ = {isa = PBXFileReference; fileEncoding = 4; lastKnownFileType = sourcecode.c.h; path = RefTrack.h; sourceTree = "<group>"; };
		DFE1879517AE0CA6002ED7BE /* RefTrack.m */ = {isa = PBXFileReference; fileEncoding = 4; lastKnownFileType = sourcecode.c.objc; path = RefTrack.m; sourceTree = "<group>"; };
		DFE1879817AE0CBA002ED7BE /* RefAlbum.h */ = {isa = PBXFileReference; fileEncoding = 4; lastKnownFileType = sourcecode.c.h; path = RefAlbum.h; sourceTree = "<group>"; };
		DFE1879917AE0CBA002ED7BE /* RefAlbum.m */ = {isa = PBXFileReference; fileEncoding = 4; lastKnownFileType = sourcecode.c.objc; path = RefAlbum.m; sourceTree = "<group>"; };
/* End PBXFileReference section */

/* Begin PBXFrameworksBuildPhase section */
		DFC274EC17A3F728003D99EA /* Frameworks */ = {
			isa = PBXFrameworksBuildPhase;
			buildActionMask = 2147483647;
			files = (
				DFB34A0718546BC20012EE61 /* WebKit.framework in Frameworks */,
				DF5B305117BBC52D004A58B8 /* ScriptingBridge.framework in Frameworks */,
				DFC274F317A3F729003D99EA /* Cocoa.framework in Frameworks */,
			);
			runOnlyForDeploymentPostprocessing = 0;
		};
		DFC2750B17A3F72A003D99EA /* Frameworks */ = {
			isa = PBXFrameworksBuildPhase;
			buildActionMask = 2147483647;
			files = (
				DFC2751117A3F72A003D99EA /* SenTestingKit.framework in Frameworks */,
				DFC2751217A3F72A003D99EA /* Cocoa.framework in Frameworks */,
			);
			runOnlyForDeploymentPostprocessing = 0;
		};
/* End PBXFrameworksBuildPhase section */

/* Begin PBXGroup section */
		DF0B33A7182E8699004603F8 /* UI */ = {
			isa = PBXGroup;
			children = (
				DFC2750717A3F729003D99EA /* MainMenu.xib */,
				DFDA9D47182FE16C0070C07A /* MyAlbumCellView.h */,
				DFDA9D48182FE16C0070C07A /* MyAlbumCellView.m */,
				DFC148E718313CDC00F10A1A /* RefAlbumCandidatesCellView.h */,
				DFC148E818313CDC00F10A1A /* RefAlbumCandidatesCellView.m */,
				DFC148EA183143DB00F10A1A /* TracksCellView.h */,
				DFC148EB183143DB00F10A1A /* TracksCellView.m */,
			);
			name = UI;
			sourceTree = "<group>";
		};
		DF3A0F2E1833726E00A093FD /* Data structure */ = {
			isa = PBXGroup;
			children = (
				DF0B33A8182E8721004603F8 /* MyAlbum.h */,
				DF0B33A9182E8721004603F8 /* MyAlbum.m */,
				DFE1879417AE0CA6002ED7BE /* RefTrack.h */,
				DFE1879517AE0CA6002ED7BE /* RefTrack.m */,
				DFE1879817AE0CBA002ED7BE /* RefAlbum.h */,
				DFE1879917AE0CBA002ED7BE /* RefAlbum.m */,
			);
			name = "Data structure";
			sourceTree = "<group>";
		};
		DF3A0F2F18337C6700A093FD /* Util */ = {
			isa = PBXGroup;
			children = (
				DF93B7DC182E129C00D296F2 /* NSString+HTML.h */,
				DF93B7DD182E129C00D296F2 /* NSString+HTML.m */,
			);
			name = Util;
			sourceTree = "<group>";
		};
		DFC274E617A3F728003D99EA = {
			isa = PBXGroup;
			children = (
				DF5B305017BBC52D004A58B8 /* ScriptingBridge.framework */,
				DFC274F817A3F729003D99EA /* Lyrics */,
				DFC2751517A3F72A003D99EA /* LyricsTests */,
				DFC274F117A3F729003D99EA /* Frameworks */,
				DFC274F017A3F729003D99EA /* Products */,
			);
			sourceTree = "<group>";
		};
		DFC274F017A3F729003D99EA /* Products */ = {
			isa = PBXGroup;
			children = (
				DFC274EF17A3F729003D99EA /* Lyrics.app */,
				DFC2750F17A3F72A003D99EA /* LyricsTests.octest */,
			);
			name = Products;
			sourceTree = "<group>";
		};
		DFC274F117A3F729003D99EA /* Frameworks */ = {
			isa = PBXGroup;
			children = (
				DFB34A0618546BC20012EE61 /* WebKit.framework */,
				DFC274F217A3F729003D99EA /* Cocoa.framework */,
				DFC2751017A3F72A003D99EA /* SenTestingKit.framework */,
				DFC274F417A3F729003D99EA /* Other Frameworks */,
			);
			name = Frameworks;
			sourceTree = "<group>";
		};
		DFC274F417A3F729003D99EA /* Other Frameworks */ = {
			isa = PBXGroup;
			children = (
				DFC274F517A3F729003D99EA /* AppKit.framework */,
				DFC274F617A3F729003D99EA /* CoreData.framework */,
				DFC274F717A3F729003D99EA /* Foundation.framework */,
			);
			name = "Other Frameworks";
			sourceTree = "<group>";
		};
		DFC274F817A3F729003D99EA /* Lyrics */ = {
			isa = PBXGroup;
			children = (
				DF5B304F17BBC4F3004A58B8 /* iTunes.h */,
				DFC2750417A3F729003D99EA /* AppDelegate.h */,
				DFC2750517A3F729003D99EA /* AppDelegate.m */,
				DF3A0F2E1833726E00A093FD /* Data structure */,
				DF0B33A7182E8699004603F8 /* UI */,
				DF3A0F2F18337C6700A093FD /* Util */,
				DFC274F917A3F729003D99EA /* Supporting Files */,
			);
			path = Lyrics;
			sourceTree = "<group>";
		};
		DFC274F917A3F729003D99EA /* Supporting Files */ = {
			isa = PBXGroup;
			children = (
				DFC274FA17A3F729003D99EA /* Lyrics-Info.plist */,
				DFC274FB17A3F729003D99EA /* InfoPlist.strings */,
				DFC274FE17A3F729003D99EA /* main.m */,
				DFC2750017A3F729003D99EA /* Lyrics-Prefix.pch */,
				DFC2750117A3F729003D99EA /* Credits.rtf */,
			);
			name = "Supporting Files";
			sourceTree = "<group>";
		};
		DFC2751517A3F72A003D99EA /* LyricsTests */ = {
			isa = PBXGroup;
			children = (
				DFC2751B17A3F72A003D99EA /* LyricsTests.h */,
				DFC2751C17A3F72A003D99EA /* LyricsTests.m */,
				DFC2751617A3F72A003D99EA /* Supporting Files */,
			);
			path = LyricsTests;
			sourceTree = "<group>";
		};
		DFC2751617A3F72A003D99EA /* Supporting Files */ = {
			isa = PBXGroup;
			children = (
				DFC2751717A3F72A003D99EA /* LyricsTests-Info.plist */,
				DFC2751817A3F72A003D99EA /* InfoPlist.strings */,
			);
			name = "Supporting Files";
			sourceTree = "<group>";
		};
/* End PBXGroup section */

/* Begin PBXNativeTarget section */
		DFC274EE17A3F728003D99EA /* Lyrics */ = {
			isa = PBXNativeTarget;
			buildConfigurationList = DFC2752017A3F72A003D99EA /* Build configuration list for PBXNativeTarget "Lyrics" */;
			buildPhases = (
				DFC274EB17A3F728003D99EA /* Sources */,
				DFC274EC17A3F728003D99EA /* Frameworks */,
				DFC274ED17A3F728003D99EA /* Resources */,
			);
			buildRules = (
			);
			dependencies = (
			);
			name = Lyrics;
			productName = Lyrics;
			productReference = DFC274EF17A3F729003D99EA /* Lyrics.app */;
			productType = "com.apple.product-type.application";
		};
		DFC2750E17A3F72A003D99EA /* LyricsTests */ = {
			isa = PBXNativeTarget;
			buildConfigurationList = DFC2752317A3F72A003D99EA /* Build configuration list for PBXNativeTarget "LyricsTests" */;
			buildPhases = (
				DFC2750A17A3F72A003D99EA /* Sources */,
				DFC2750B17A3F72A003D99EA /* Frameworks */,
				DFC2750C17A3F72A003D99EA /* Resources */,
				DFC2750D17A3F72A003D99EA /* ShellScript */,
			);
			buildRules = (
			);
			dependencies = (
				DFC2751417A3F72A003D99EA /* PBXTargetDependency */,
			);
			name = LyricsTests;
			productName = LyricsTests;
			productReference = DFC2750F17A3F72A003D99EA /* LyricsTests.octest */;
			productType = "com.apple.product-type.bundle";
		};
/* End PBXNativeTarget section */

/* Begin PBXProject section */
		DFC274E717A3F728003D99EA /* Project object */ = {
			isa = PBXProject;
			attributes = {
				LastUpgradeCheck = 0500;
				ORGANIZATIONNAME = "Kim Seongjun";
			};
			buildConfigurationList = DFC274EA17A3F728003D99EA /* Build configuration list for PBXProject "Lyrics" */;
			compatibilityVersion = "Xcode 3.2";
			developmentRegion = English;
			hasScannedForEncodings = 0;
			knownRegions = (
				en,
			);
			mainGroup = DFC274E617A3F728003D99EA;
			productRefGroup = DFC274F017A3F729003D99EA /* Products */;
			projectDirPath = "";
			projectRoot = "";
			targets = (
				DFC274EE17A3F728003D99EA /* Lyrics */,
				DFC2750E17A3F72A003D99EA /* LyricsTests */,
			);
		};
/* End PBXProject section */

/* Begin PBXResourcesBuildPhase section */
		DFC274ED17A3F728003D99EA /* Resources */ = {
			isa = PBXResourcesBuildPhase;
			buildActionMask = 2147483647;
			files = (
				DFC274FD17A3F729003D99EA /* InfoPlist.strings in Resources */,
				DFC2750317A3F729003D99EA /* Credits.rtf in Resources */,
				DFC2750917A3F729003D99EA /* MainMenu.xib in Resources */,
			);
			runOnlyForDeploymentPostprocessing = 0;
		};
		DFC2750C17A3F72A003D99EA /* Resources */ = {
			isa = PBXResourcesBuildPhase;
			buildActionMask = 2147483647;
			files = (
				DFC2751A17A3F72A003D99EA /* InfoPlist.strings in Resources */,
			);
			runOnlyForDeploymentPostprocessing = 0;
		};
/* End PBXResourcesBuildPhase section */

/* Begin PBXShellScriptBuildPhase section */
		DFC2750D17A3F72A003D99EA /* ShellScript */ = {
			isa = PBXShellScriptBuildPhase;
			buildActionMask = 2147483647;
			files = (
			);
			inputPaths = (
			);
			outputPaths = (
			);
			runOnlyForDeploymentPostprocessing = 0;
			shellPath = /bin/sh;
			shellScript = "# Run the unit tests in this test bundle.\n\"${SYSTEM_DEVELOPER_DIR}/Tools/RunUnitTests\"\n";
		};
/* End PBXShellScriptBuildPhase section */

/* Begin PBXSourcesBuildPhase section */
		DFC274EB17A3F728003D99EA /* Sources */ = {
			isa = PBXSourcesBuildPhase;
			buildActionMask = 2147483647;
			files = (
				DFC274FF17A3F729003D99EA /* main.m in Sources */,
				DF0B33AA182E8721004603F8 /* MyAlbum.m in Sources */,
				DFC2750617A3F729003D99EA /* AppDelegate.m in Sources */,
				DFE1879617AE0CA6002ED7BE /* RefTrack.m in Sources */,
				DF93B7DE182E129C00D296F2 /* NSString+HTML.m in Sources */,
				DFE1879A17AE0CBA002ED7BE /* RefAlbum.m in Sources */,
				DFC148EC183143DB00F10A1A /* TracksCellView.m in Sources */,
				DFC148E918313CDC00F10A1A /* RefAlbumCandidatesCellView.m in Sources */,
				DFDA9D49182FE16C0070C07A /* MyAlbumCellView.m in Sources */,
			);
			runOnlyForDeploymentPostprocessing = 0;
		};
		DFC2750A17A3F72A003D99EA /* Sources */ = {
			isa = PBXSourcesBuildPhase;
			buildActionMask = 2147483647;
			files = (
				DFC2751D17A3F72A003D99EA /* LyricsTests.m in Sources */,
				DFE1879717AE0CA6002ED7BE /* RefTrack.m in Sources */,
				DFE1879B17AE0CBA002ED7BE /* RefAlbum.m in Sources */,
			);
			runOnlyForDeploymentPostprocessing = 0;
		};
/* End PBXSourcesBuildPhase section */

/* Begin PBXTargetDependency section */
		DFC2751417A3F72A003D99EA /* PBXTargetDependency */ = {
			isa = PBXTargetDependency;
			target = DFC274EE17A3F728003D99EA /* Lyrics */;
			targetProxy = DFC2751317A3F72A003D99EA /* PBXContainerItemProxy */;
		};
/* End PBXTargetDependency section */

/* Begin PBXVariantGroup section */
		DFC274FB17A3F729003D99EA /* InfoPlist.strings */ = {
			isa = PBXVariantGroup;
			children = (
				DFC274FC17A3F729003D99EA /* en */,
			);
			name = InfoPlist.strings;
			sourceTree = "<group>";
		};
		DFC2750117A3F729003D99EA /* Credits.rtf */ = {
			isa = PBXVariantGroup;
			children = (
				DFC2750217A3F729003D99EA /* en */,
			);
			name = Credits.rtf;
			sourceTree = "<group>";
		};
		DFC2750717A3F729003D99EA /* MainMenu.xib */ = {
			isa = PBXVariantGroup;
			children = (
				DFC2750817A3F729003D99EA /* en */,
			);
			name = MainMenu.xib;
			sourceTree = "<group>";
		};
		DFC2751817A3F72A003D99EA /* InfoPlist.strings */ = {
			isa = PBXVariantGroup;
			children = (
				DFC2751917A3F72A003D99EA /* en */,
			);
			name = InfoPlist.strings;
			sourceTree = "<group>";
		};
/* End PBXVariantGroup section */

/* Begin XCBuildConfiguration section */
		DFC2751E17A3F72A003D99EA /* Debug */ = {
			isa = XCBuildConfiguration;
			buildSettings = {
				ALWAYS_SEARCH_USER_PATHS = NO;
				CLANG_CXX_LANGUAGE_STANDARD = "gnu++0x";
				CLANG_CXX_LIBRARY = "libc++";
				CLANG_ENABLE_OBJC_ARC = YES;
				CLANG_WARN_CONSTANT_CONVERSION = YES;
				CLANG_WARN_EMPTY_BODY = YES;
				CLANG_WARN_ENUM_CONVERSION = YES;
				CLANG_WARN_INT_CONVERSION = YES;
				CLANG_WARN__DUPLICATE_METHOD_MATCH = YES;
				COPY_PHASE_STRIP = NO;
				GCC_C_LANGUAGE_STANDARD = gnu99;
				GCC_DYNAMIC_NO_PIC = NO;
				GCC_ENABLE_OBJC_EXCEPTIONS = YES;
				GCC_OPTIMIZATION_LEVEL = 0;
				GCC_PREPROCESSOR_DEFINITIONS = (
					"DEBUG=1",
					"$(inherited)",
				);
				GCC_SYMBOLS_PRIVATE_EXTERN = NO;
				GCC_WARN_64_TO_32_BIT_CONVERSION = YES;
				GCC_WARN_ABOUT_RETURN_TYPE = YES;
				GCC_WARN_UNINITIALIZED_AUTOS = YES;
				GCC_WARN_UNUSED_VARIABLE = YES;
				MACOSX_DEPLOYMENT_TARGET = 10.9;
				ONLY_ACTIVE_ARCH = YES;
				SDKROOT = macosx;
			};
			name = Debug;
		};
		DFC2751F17A3F72A003D99EA /* Release */ = {
			isa = XCBuildConfiguration;
			buildSettings = {
				ALWAYS_SEARCH_USER_PATHS = NO;
				CLANG_CXX_LANGUAGE_STANDARD = "gnu++0x";
				CLANG_CXX_LIBRARY = "libc++";
				CLANG_ENABLE_OBJC_ARC = YES;
				CLANG_WARN_CONSTANT_CONVERSION = YES;
				CLANG_WARN_EMPTY_BODY = YES;
				CLANG_WARN_ENUM_CONVERSION = YES;
				CLANG_WARN_INT_CONVERSION = YES;
				CLANG_WARN__DUPLICATE_METHOD_MATCH = YES;
				COPY_PHASE_STRIP = YES;
				DEBUG_INFORMATION_FORMAT = "dwarf-with-dsym";
				GCC_C_LANGUAGE_STANDARD = gnu99;
				GCC_ENABLE_OBJC_EXCEPTIONS = YES;
				GCC_WARN_64_TO_32_BIT_CONVERSION = YES;
				GCC_WARN_ABOUT_RETURN_TYPE = YES;
				GCC_WARN_UNINITIALIZED_AUTOS = YES;
				GCC_WARN_UNUSED_VARIABLE = YES;
				MACOSX_DEPLOYMENT_TARGET = 10.9;
				SDKROOT = macosx;
			};
			name = Release;
		};
		DFC2752117A3F72A003D99EA /* Debug */ = {
			isa = XCBuildConfiguration;
			buildSettings = {
				COMBINE_HIDPI_IMAGES = YES;
				GCC_PRECOMPILE_PREFIX_HEADER = YES;
				GCC_PREFIX_HEADER = "Lyrics/Lyrics-Prefix.pch";
				INFOPLIST_FILE = "Lyrics/Lyrics-Info.plist";
				PRODUCT_NAME = "$(TARGET_NAME)";
				WRAPPER_EXTENSION = app;
			};
			name = Debug;
		};
		DFC2752217A3F72A003D99EA /* Release */ = {
			isa = XCBuildConfiguration;
			buildSettings = {
				COMBINE_HIDPI_IMAGES = YES;
				GCC_PRECOMPILE_PREFIX_HEADER = YES;
				GCC_PREFIX_HEADER = "Lyrics/Lyrics-Prefix.pch";
				INFOPLIST_FILE = "Lyrics/Lyrics-Info.plist";
				PRODUCT_NAME = "$(TARGET_NAME)";
				WRAPPER_EXTENSION = app;
			};
			name = Release;
		};
		DFC2752417A3F72A003D99EA /* Debug */ = {
			isa = XCBuildConfiguration;
			buildSettings = {
				BUNDLE_LOADER = "$(BUILT_PRODUCTS_DIR)/Lyrics.app/Contents/MacOS/Lyrics";
				COMBINE_HIDPI_IMAGES = YES;
				FRAMEWORK_SEARCH_PATHS = "\"$(DEVELOPER_LIBRARY_DIR)/Frameworks\"";
				GCC_PRECOMPILE_PREFIX_HEADER = YES;
				GCC_PREFIX_HEADER = "Lyrics/Lyrics-Prefix.pch";
				INFOPLIST_FILE = "LyricsTests/LyricsTests-Info.plist";
				PRODUCT_NAME = "$(TARGET_NAME)";
				TEST_HOST = "$(BUNDLE_LOADER)";
				WRAPPER_EXTENSION = octest;
			};
			name = Debug;
		};
		DFC2752517A3F72A003D99EA /* Release */ = {
			isa = XCBuildConfiguration;
			buildSettings = {
				BUNDLE_LOADER = "$(BUILT_PRODUCTS_DIR)/Lyrics.app/Contents/MacOS/Lyrics";
				COMBINE_HIDPI_IMAGES = YES;
				FRAMEWORK_SEARCH_PATHS = "\"$(DEVELOPER_LIBRARY_DIR)/Frameworks\"";
				GCC_PRECOMPILE_PREFIX_HEADER = YES;
				GCC_PREFIX_HEADER = "Lyrics/Lyrics-Prefix.pch";
				INFOPLIST_FILE = "LyricsTests/LyricsTests-Info.plist";
				PRODUCT_NAME = "$(TARGET_NAME)";
				TEST_HOST = "$(BUNDLE_LOADER)";
				WRAPPER_EXTENSION = octest;
			};
			name = Release;
		};
/* End XCBuildConfiguration section */

/* Begin XCConfigurationList section */
		DFC274EA17A3F728003D99EA /* Build configuration list for PBXProject "Lyrics" */ = {
			isa = XCConfigurationList;
			buildConfigurations = (
				DFC2751E17A3F72A003D99EA /* Debug */,
				DFC2751F17A3F72A003D99EA /* Release */,
			);
			defaultConfigurationIsVisible = 0;
			defaultConfigurationName = Release;
		};
		DFC2752017A3F72A003D99EA /* Build configuration list for PBXNativeTarget "Lyrics" */ = {
			isa = XCConfigurationList;
			buildConfigurations = (
				DFC2752117A3F72A003D99EA /* Debug */,
				DFC2752217A3F72A003D99EA /* Release */,
			);
			defaultConfigurationIsVisible = 0;
			defaultConfigurationName = Release;
		};
		DFC2752317A3F72A003D99EA /* Build configuration list for PBXNativeTarget "LyricsTests" */ = {
			isa = XCConfigurationList;
			buildConfigurations = (
				DFC2752417A3F72A003D99EA /* Debug */,
				DFC2752517A3F72A003D99EA /* Release */,
			);
			defaultConfigurationIsVisible = 0;
			defaultConfigurationName = Release;
		};
/* End XCConfigurationList section */
	};
	rootObject = DFC274E717A3F728003D99EA /* Project object */;
}
